
Microsoft Visual Studio Solution File, Format Version 12.00
# Visual Studio Version 17
VisualStudioVersion = 17.8.34525.116
MinimumVisualStudioVersion = 10.0.40219.1
Project("{9A19103F-16F7-4668-BE54-9A1E7A4F7556}") = "ClassIntro", "C#\ClassIntro.csproj", "{CF35431F-063F-4084-9CAF-084923E90AB0}"
EndProject
Project("{9A19103F-16F7-4668-BE54-9A1E7A4F7556}") = "ClassMethodDemo", "ClassMethodDemo\ClassMethodDemo.csproj", "{89BE55C4-1923-47BD-9054-9329CDFF2B23}"
EndProject
Project("{9A19103F-16F7-4668-BE54-9A1E7A4F7556}") = "Collections", "Collections\Collections.csproj", "{9D13D0B0-2DD6-4C51-80C5-E532F9713C0D}"
EndProject
Project("{9A19103F-16F7-4668-BE54-9A1E7A4F7556}") = "Constructors", "Constructors\Constructors.csproj", "{9BD3441A-2199-4C1E-8E66-FE072953080D}"
EndProject
Project("{9A19103F-16F7-4668-BE54-9A1E7A4F7556}") = "Generics", "Generics\Generics.csproj", "{6E3C38C0-9231-4C51-8ED2-200693B76CFE}"
EndProject
Project("{9A19103F-16F7-4668-BE54-9A1E7A4F7556}") = "GenericsIntro", "GenericsIntro\GenericsIntro.csproj", "{EB7A5405-3D04-4C91-A9FF-C7BFA3FAAD8C}"
EndProject
Project("{9A19103F-16F7-4668-BE54-9A1E7A4F7556}") = "CampIntro", "CampIntro\CampIntro.csproj", "{36CA1628-52A6-4A74-8723-82F7967B8653}"
EndProject
Project("{9A19103F-16F7-4668-BE54-9A1E7A4F7556}") = "Loops", "Loops\Loops.csproj", "{20472D30-9589-464D-8A1E-DA100F6E52E4}"
EndProject
Project("{9A19103F-16F7-4668-BE54-9A1E7A4F7556}") = "Math", "Math\Math.csproj", "{22769EA3-D79F-43B6-B9D7-6322E234F53E}"
EndProject
Project("{9A19103F-16F7-4668-BE54-9A1E7A4F7556}") = "Methods", "Methods\Methods.csproj", "{A1ABAC00-D9B8-4EDB-9837-520129EAC747}"
EndProject
Project("{9A19103F-16F7-4668-BE54-9A1E7A4F7556}") = "MyDictionary", "MyDictionary\MyDictionary.csproj", "{44E0E9D5-7564-4154-B559-78BA985E01BB}"
EndProject
Project("{9A19103F-16F7-4668-BE54-9A1E7A4F7556}") = "OOP1", "OOP1\OOP1.csproj", "{8A489B9C-E981-4F60-BCE4-4F80415C85AD}"
EndProject
Project("{9A19103F-16F7-4668-BE54-9A1E7A4F7556}") = "ReferenceTypes", "ReferenceTypes\ReferenceTypes.csproj", "{2BAE2B74-3854-49F1-84D8-9A31760943C9}"
EndProject
Project("{9A19103F-16F7-4668-BE54-9A1E7A4F7556}") = "ValueAndReferenceTypes", "ValueAndReferenceTypes\ValueAndReferenceTypes.csproj", "{34FFFE3E-223B-4BC8-BCCA-9D7BF1DAC8E7}"
EndProject
Project("{9A19103F-16F7-4668-BE54-9A1E7A4F7556}") = "OOP2", "OPP2\OOP2.csproj", "{0DC12FE7-CFE5-434A-AD66-B55B939B4F2C}"
EndProject
Project("{9A19103F-16F7-4668-BE54-9A1E7A4F7556}") = "OOP3", "OOP3\OOP3.csproj", "{7965B1D8-40C5-45FC-A40F-6B5D6BE1B0AE}"
EndProject
Project("{FAE04EC0-301F-11D3-BF4B-00C04F79EFBC}") = "RecapDemo1", "WinFormsApp1\RecapDemo1.csproj", "{21080ABA-1CFE-4AEB-BBDE-B9968C020E6F}"
EndProject
Global
	GlobalSection(SolutionConfigurationPlatforms) = preSolution
		Debug|Any CPU = Debug|Any CPU
		Release|Any CPU = Release|Any CPU
	EndGlobalSection
	GlobalSection(ProjectConfigurationPlatforms) = postSolution
		{CF35431F-063F-4084-9CAF-084923E90AB0}.Debug|Any CPU.ActiveCfg = Debug|Any CPU
		{CF35431F-063F-4084-9CAF-084923E90AB0}.Debug|Any CPU.Build.0 = Debug|Any CPU
		{CF35431F-063F-4084-9CAF-084923E90AB0}.Release|Any CPU.ActiveCfg = Release|Any CPU
		{CF35431F-063F-4084-9CAF-084923E90AB0}.Release|Any CPU.Build.0 = Release|Any CPU
		{89BE55C4-1923-47BD-9054-9329CDFF2B23}.Debug|Any CPU.ActiveCfg = Debug|Any CPU
		{89BE55C4-1923-47BD-9054-9329CDFF2B23}.Debug|Any CPU.Build.0 = Debug|Any CPU
		{89BE55C4-1923-47BD-9054-9329CDFF2B23}.Release|Any CPU.ActiveCfg = Release|Any CPU
		{89BE55C4-1923-47BD-9054-9329CDFF2B23}.Release|Any CPU.Build.0 = Release|Any CPU
		{9D13D0B0-2DD6-4C51-80C5-E532F9713C0D}.Debug|Any CPU.ActiveCfg = Debug|Any CPU
		{9D13D0B0-2DD6-4C51-80C5-E532F9713C0D}.Debug|Any CPU.Build.0 = Debug|Any CPU
		{9D13D0B0-2DD6-4C51-80C5-E532F9713C0D}.Release|Any CPU.ActiveCfg = Release|Any CPU
		{9D13D0B0-2DD6-4C51-80C5-E532F9713C0D}.Release|Any CPU.Build.0 = Release|Any CPU
		{9BD3441A-2199-4C1E-8E66-FE072953080D}.Debug|Any CPU.ActiveCfg = Debug|Any CPU
		{9BD3441A-2199-4C1E-8E66-FE072953080D}.Debug|Any CPU.Build.0 = Debug|Any CPU
		{9BD3441A-2199-4C1E-8E66-FE072953080D}.Release|Any CPU.ActiveCfg = Release|Any CPU
		{9BD3441A-2199-4C1E-8E66-FE072953080D}.Release|Any CPU.Build.0 = Release|Any CPU
		{6E3C38C0-9231-4C51-8ED2-200693B76CFE}.Debug|Any CPU.ActiveCfg = Debug|Any CPU
		{6E3C38C0-9231-4C51-8ED2-200693B76CFE}.Debug|Any CPU.Build.0 = Debug|Any CPU
		{6E3C38C0-9231-4C51-8ED2-200693B76CFE}.Release|Any CPU.ActiveCfg = Release|Any CPU
		{6E3C38C0-9231-4C51-8ED2-200693B76CFE}.Release|Any CPU.Build.0 = Release|Any CPU
		{EB7A5405-3D04-4C91-A9FF-C7BFA3FAAD8C}.Debug|Any CPU.ActiveCfg = Debug|Any CPU
		{EB7A5405-3D04-4C91-A9FF-C7BFA3FAAD8C}.Debug|Any CPU.Build.0 = Debug|Any CPU
		{EB7A5405-3D04-4C91-A9FF-C7BFA3FAAD8C}.Release|Any CPU.ActiveCfg = Release|Any CPU
		{EB7A5405-3D04-4C91-A9FF-C7BFA3FAAD8C}.Release|Any CPU.Build.0 = Release|Any CPU
		{36CA1628-52A6-4A74-8723-82F7967B8653}.Debug|Any CPU.ActiveCfg = Debug|Any CPU
		{36CA1628-52A6-4A74-8723-82F7967B8653}.Debug|Any CPU.Build.0 = Debug|Any CPU
		{36CA1628-52A6-4A74-8723-82F7967B8653}.Release|Any CPU.ActiveCfg = Release|Any CPU
		{36CA1628-52A6-4A74-8723-82F7967B8653}.Release|Any CPU.Build.0 = Release|Any CPU
		{20472D30-9589-464D-8A1E-DA100F6E52E4}.Debug|Any CPU.ActiveCfg = Debug|Any CPU
		{20472D30-9589-464D-8A1E-DA100F6E52E4}.Debug|Any CPU.Build.0 = Debug|Any CPU
		{20472D30-9589-464D-8A1E-DA100F6E52E4}.Release|Any CPU.ActiveCfg = Release|Any CPU
		{20472D30-9589-464D-8A1E-DA100F6E52E4}.Release|Any CPU.Build.0 = Release|Any CPU
		{22769EA3-D79F-43B6-B9D7-6322E234F53E}.Debug|Any CPU.ActiveCfg = Debug|Any CPU
		{22769EA3-D79F-43B6-B9D7-6322E234F53E}.Debug|Any CPU.Build.0 = Debug|Any CPU
		{22769EA3-D79F-43B6-B9D7-6322E234F53E}.Release|Any CPU.ActiveCfg = Release|Any CPU
		{22769EA3-D79F-43B6-B9D7-6322E234F53E}.Release|Any CPU.Build.0 = Release|Any CPU
		{A1ABAC00-D9B8-4EDB-9837-520129EAC747}.Debug|Any CPU.ActiveCfg = Debug|Any CPU
		{A1ABAC00-D9B8-4EDB-9837-520129EAC747}.Debug|Any CPU.Build.0 = Debug|Any CPU
		{A1ABAC00-D9B8-4EDB-9837-520129EAC747}.Release|Any CPU.ActiveCfg = Release|Any CPU
		{A1ABAC00-D9B8-4EDB-9837-520129EAC747}.Release|Any CPU.Build.0 = Release|Any CPU
		{44E0E9D5-7564-4154-B559-78BA985E01BB}.Debug|Any CPU.ActiveCfg = Debug|Any CPU
		{44E0E9D5-7564-4154-B559-78BA985E01BB}.Debug|Any CPU.Build.0 = Debug|Any CPU
		{44E0E9D5-7564-4154-B559-78BA985E01BB}.Release|Any CPU.ActiveCfg = Release|Any CPU
		{44E0E9D5-7564-4154-B559-78BA985E01BB}.Release|Any CPU.Build.0 = Release|Any CPU
		{8A489B9C-E981-4F60-BCE4-4F80415C85AD}.Debug|Any CPU.ActiveCfg = Debug|Any CPU
		{8A489B9C-E981-4F60-BCE4-4F80415C85AD}.Debug|Any CPU.Build.0 = Debug|Any CPU
		{8A489B9C-E981-4F60-BCE4-4F80415C85AD}.Release|Any CPU.ActiveCfg = Release|Any CPU
		{8A489B9C-E981-4F60-BCE4-4F80415C85AD}.Release|Any CPU.Build.0 = Release|Any CPU
		{2BAE2B74-3854-49F1-84D8-9A31760943C9}.Debug|Any CPU.ActiveCfg = Debug|Any CPU
		{2BAE2B74-3854-49F1-84D8-9A31760943C9}.Debug|Any CPU.Build.0 = Debug|Any CPU
		{2BAE2B74-3854-49F1-84D8-9A31760943C9}.Release|Any CPU.ActiveCfg = Release|Any CPU
		{2BAE2B74-3854-49F1-84D8-9A31760943C9}.Release|Any CPU.Build.0 = Release|Any CPU
		{34FFFE3E-223B-4BC8-BCCA-9D7BF1DAC8E7}.Debug|Any CPU.ActiveCfg = Debug|Any CPU
		{34FFFE3E-223B-4BC8-BCCA-9D7BF1DAC8E7}.Debug|Any CPU.Build.0 = Debug|Any CPU
		{34FFFE3E-223B-4BC8-BCCA-9D7BF1DAC8E7}.Release|Any CPU.ActiveCfg = Release|Any CPU
		{34FFFE3E-223B-4BC8-BCCA-9D7BF1DAC8E7}.Release|Any CPU.Build.0 = Release|Any CPU
		{0DC12FE7-CFE5-434A-AD66-B55B939B4F2C}.Debug|Any CPU.ActiveCfg = Debug|Any CPU
		{0DC12FE7-CFE5-434A-AD66-B55B939B4F2C}.Debug|Any CPU.Build.0 = Debug|Any CPU
		{0DC12FE7-CFE5-434A-AD66-B55B939B4F2C}.Release|Any CPU.ActiveCfg = Release|Any CPU
		{0DC12FE7-CFE5-434A-AD66-B55B939B4F2C}.Release|Any CPU.Build.0 = Release|Any CPU
		{7965B1D8-40C5-45FC-A40F-6B5D6BE1B0AE}.Debug|Any CPU.ActiveCfg = Debug|Any CPU
		{7965B1D8-40C5-45FC-A40F-6B5D6BE1B0AE}.Debug|Any CPU.Build.0 = Debug|Any CPU
		{7965B1D8-40C5-45FC-A40F-6B5D6BE1B0AE}.Release|Any CPU.ActiveCfg = Release|Any CPU
		{7965B1D8-40C5-45FC-A40F-6B5D6BE1B0AE}.Release|Any CPU.Build.0 = Release|Any CPU
		{21080ABA-1CFE-4AEB-BBDE-B9968C020E6F}.Debug|Any CPU.ActiveCfg = Debug|Any CPU
		{21080ABA-1CFE-4AEB-BBDE-B9968C020E6F}.Debug|Any CPU.Build.0 = Debug|Any CPU
		{21080ABA-1CFE-4AEB-BBDE-B9968C020E6F}.Release|Any CPU.ActiveCfg = Release|Any CPU
		{21080ABA-1CFE-4AEB-BBDE-B9968C020E6F}.Release|Any CPU.Build.0 = Release|Any CPU
	EndGlobalSection
	GlobalSection(SolutionProperties) = preSolution
		HideSolutionNode = FALSE
	EndGlobalSection
	GlobalSection(ExtensibilityGlobals) = postSolution
		SolutionGuid = {04B5DB71-7A9B-4583-AB50-8E8FE9D6CCCB}
	EndGlobalSection
EndGlobal
